// !$*UTF8*$!
{
	archiveVersion = 1;
	classes = {
	};
	objectVersion = 48;
	objects = {

/* Begin PBXBuildFile section */
		96341EA51FE11A0300C9E634 /* AppDelegate.m in Sources */ = {isa = PBXBuildFile; fileRef = 96341EA41FE11A0300C9E634 /* AppDelegate.m */; };
		96341EA81FE11A0300C9E634 /* ViewController.m in Sources */ = {isa = PBXBuildFile; fileRef = 96341EA71FE11A0300C9E634 /* ViewController.m */; };
		96341EAB1FE11A0300C9E634 /* Main.storyboard in Resources */ = {isa = PBXBuildFile; fileRef = 96341EA91FE11A0300C9E634 /* Main.storyboard */; };
		96341EAD1FE11A0300C9E634 /* Assets.xcassets in Resources */ = {isa = PBXBuildFile; fileRef = 96341EAC1FE11A0300C9E634 /* Assets.xcassets */; };
		96341EB01FE11A0300C9E634 /* LaunchScreen.storyboard in Resources */ = {isa = PBXBuildFile; fileRef = 96341EAE1FE11A0300C9E634 /* LaunchScreen.storyboard */; };
		96341EB31FE11A0300C9E634 /* main.m in Sources */ = {isa = PBXBuildFile; fileRef = 96341EB21FE11A0300C9E634 /* main.m */; };
		96341EBD1FE11A0300C9E634 /* AbstinenceProjectTests.m in Sources */ = {isa = PBXBuildFile; fileRef = 96341EBC1FE11A0300C9E634 /* AbstinenceProjectTests.m */; };
		96341EC81FE11A0300C9E634 /* AbstinenceProjectUITests.m in Sources */ = {isa = PBXBuildFile; fileRef = 96341EC71FE11A0300C9E634 /* AbstinenceProjectUITests.m */; };
		96341ED91FE12A2E00C9E634 /* DZHMinuteMoreView.m in Sources */ = {isa = PBXBuildFile; fileRef = 96341ED81FE12A2E00C9E634 /* DZHMinuteMoreView.m */; };
		963C01631FF0952D00FE57C6 /* CustomTableViewCell.m in Sources */ = {isa = PBXBuildFile; fileRef = 963C01621FF0952D00FE57C6 /* CustomTableViewCell.m */; };
		96C02A841FF0C60F00E84D5B /* OneCollectionTableViewCell.m in Sources */ = {isa = PBXBuildFile; fileRef = 96C02A831FF0C60F00E84D5B /* OneCollectionTableViewCell.m */; };
		96C02A881FF0C72B00E84D5B /* OneCollectionLayout.m in Sources */ = {isa = PBXBuildFile; fileRef = 96C02A871FF0C72B00E84D5B /* OneCollectionLayout.m */; };
		EB57699A81D5233806EEB2BD /* libPods-AbstinenceProject.a in Frameworks */ = {isa = PBXBuildFile; fileRef = A3CB2F8A39ABAA1F72B14135 /* libPods-AbstinenceProject.a */; };
/* End PBXBuildFile section */

/* Begin PBXContainerItemProxy section */
		96341EB91FE11A0300C9E634 /* PBXContainerItemProxy */ = {
			isa = PBXContainerItemProxy;
			containerPortal = 96341E981FE11A0300C9E634 /* Project object */;
			proxyType = 1;
			remoteGlobalIDString = 96341E9F1FE11A0300C9E634;
			remoteInfo = AbstinenceProject;
		};
		96341EC41FE11A0300C9E634 /* PBXContainerItemProxy */ = {
			isa = PBXContainerItemProxy;
			containerPortal = 96341E981FE11A0300C9E634 /* Project object */;
			proxyType = 1;
			remoteGlobalIDString = 96341E9F1FE11A0300C9E634;
			remoteInfo = AbstinenceProject;
		};
/* End PBXContainerItemProxy section */

/* Begin PBXFileReference section */
		96341EA01FE11A0300C9E634 /* AbstinenceProject.app */ = {isa = PBXFileReference; explicitFileType = wrapper.application; includeInIndex = 0; path = AbstinenceProject.app; sourceTree = BUILT_PRODUCTS_DIR; };
		96341EA31FE11A0300C9E634 /* AppDelegate.h */ = {isa = PBXFileReference; lastKnownFileType = sourcecode.c.h; path = AppDelegate.h; sourceTree = "<group>"; };
		96341EA41FE11A0300C9E634 /* AppDelegate.m */ = {isa = PBXFileReference; lastKnownFileType = sourcecode.c.objc; path = AppDelegate.m; sourceTree = "<group>"; };
		96341EA61FE11A0300C9E634 /* ViewController.h */ = {isa = PBXFileReference; lastKnownFileType = sourcecode.c.h; path = ViewController.h; sourceTree = "<group>"; };
		96341EA71FE11A0300C9E634 /* ViewController.m */ = {isa = PBXFileReference; lastKnownFileType = sourcecode.c.objc; path = ViewController.m; sourceTree = "<group>"; };
		96341EAA1FE11A0300C9E634 /* Base */ = {isa = PBXFileReference; lastKnownFileType = file.storyboard; name = Base; path = Base.lproj/Main.storyboard; sourceTree = "<group>"; };
		96341EAC1FE11A0300C9E634 /* Assets.xcassets */ = {isa = PBXFileReference; lastKnownFileType = folder.assetcatalog; path = Assets.xcassets; sourceTree = "<group>"; };
		96341EAF1FE11A0300C9E634 /* Base */ = {isa = PBXFileReference; lastKnownFileType = file.storyboard; name = Base; path = Base.lproj/LaunchScreen.storyboard; sourceTree = "<group>"; };
		96341EB11FE11A0300C9E634 /* Info.plist */ = {isa = PBXFileReference; lastKnownFileType = text.plist.xml; path = Info.plist; sourceTree = "<group>"; };
		96341EB21FE11A0300C9E634 /* main.m */ = {isa = PBXFileReference; lastKnownFileType = sourcecode.c.objc; path = main.m; sourceTree = "<group>"; };
		96341EB81FE11A0300C9E634 /* AbstinenceProjectTests.xctest */ = {isa = PBXFileReference; explicitFileType = wrapper.cfbundle; includeInIndex = 0; path = AbstinenceProjectTests.xctest; sourceTree = BUILT_PRODUCTS_DIR; };
		96341EBC1FE11A0300C9E634 /* AbstinenceProjectTests.m */ = {isa = PBXFileReference; lastKnownFileType = sourcecode.c.objc; path = AbstinenceProjectTests.m; sourceTree = "<group>"; };
		96341EBE1FE11A0300C9E634 /* Info.plist */ = {isa = PBXFileReference; lastKnownFileType = text.plist.xml; path = Info.plist; sourceTree = "<group>"; };
		96341EC31FE11A0300C9E634 /* AbstinenceProjectUITests.xctest */ = {isa = PBXFileReference; explicitFileType = wrapper.cfbundle; includeInIndex = 0; path = AbstinenceProjectUITests.xctest; sourceTree = BUILT_PRODUCTS_DIR; };
		96341EC71FE11A0300C9E634 /* AbstinenceProjectUITests.m */ = {isa = PBXFileReference; lastKnownFileType = sourcecode.c.objc; path = AbstinenceProjectUITests.m; sourceTree = "<group>"; };
		96341EC91FE11A0300C9E634 /* Info.plist */ = {isa = PBXFileReference; lastKnownFileType = text.plist.xml; path = Info.plist; sourceTree = "<group>"; };
		96341ED71FE12A2E00C9E634 /* DZHMinuteMoreView.h */ = {isa = PBXFileReference; fileEncoding = 4; lastKnownFileType = sourcecode.c.h; path = DZHMinuteMoreView.h; sourceTree = "<group>"; };
		96341ED81FE12A2E00C9E634 /* DZHMinuteMoreView.m */ = {isa = PBXFileReference; fileEncoding = 4; lastKnownFileType = sourcecode.c.objc; path = DZHMinuteMoreView.m; sourceTree = "<group>"; };
		96341EDA1FE1347B00C9E634 /* MinuteMorePortocol.h */ = {isa = PBXFileReference; lastKnownFileType = sourcecode.c.h; path = MinuteMorePortocol.h; sourceTree = "<group>"; };
		963C01611FF0952D00FE57C6 /* CustomTableViewCell.h */ = {isa = PBXFileReference; lastKnownFileType = sourcecode.c.h; path = CustomTableViewCell.h; sourceTree = "<group>"; };
		963C01621FF0952D00FE57C6 /* CustomTableViewCell.m */ = {isa = PBXFileReference; lastKnownFileType = sourcecode.c.objc; path = CustomTableViewCell.m; sourceTree = "<group>"; };
		96C02A821FF0C60F00E84D5B /* OneCollectionTableViewCell.h */ = {isa = PBXFileReference; lastKnownFileType = sourcecode.c.h; path = OneCollectionTableViewCell.h; sourceTree = "<group>"; };
		96C02A831FF0C60F00E84D5B /* OneCollectionTableViewCell.m */ = {isa = PBXFileReference; lastKnownFileType = sourcecode.c.objc; path = OneCollectionTableViewCell.m; sourceTree = "<group>"; };
		96C02A861FF0C72B00E84D5B /* OneCollectionLayout.h */ = {isa = PBXFileReference; lastKnownFileType = sourcecode.c.h; path = OneCollectionLayout.h; sourceTree = "<group>"; };
		96C02A871FF0C72B00E84D5B /* OneCollectionLayout.m */ = {isa = PBXFileReference; lastKnownFileType = sourcecode.c.objc; path = OneCollectionLayout.m; sourceTree = "<group>"; };
		A3CB2F8A39ABAA1F72B14135 /* libPods-AbstinenceProject.a */ = {isa = PBXFileReference; explicitFileType = archive.ar; includeInIndex = 0; path = "libPods-AbstinenceProject.a"; sourceTree = BUILT_PRODUCTS_DIR; };
		B87BB0A08DC6A8F4A71F52E7 /* Pods-AbstinenceProject.release.xcconfig */ = {isa = PBXFileReference; includeInIndex = 1; lastKnownFileType = text.xcconfig; name = "Pods-AbstinenceProject.release.xcconfig"; path = "Pods/Target Support Files/Pods-AbstinenceProject/Pods-AbstinenceProject.release.xcconfig"; sourceTree = "<group>"; };
		F111936C9A146C97D8828662 /* Pods-AbstinenceProject.debug.xcconfig */ = {isa = PBXFileReference; includeInIndex = 1; lastKnownFileType = text.xcconfig; name = "Pods-AbstinenceProject.debug.xcconfig"; path = "Pods/Target Support Files/Pods-AbstinenceProject/Pods-AbstinenceProject.debug.xcconfig"; sourceTree = "<group>"; };
/* End PBXFileReference section */

/* Begin PBXFrameworksBuildPhase section */
		96341E9D1FE11A0300C9E634 /* Frameworks */ = {
			isa = PBXFrameworksBuildPhase;
			buildActionMask = 2147483647;
			files = (
				EB57699A81D5233806EEB2BD /* libPods-AbstinenceProject.a in Frameworks */,
			);
			runOnlyForDeploymentPostprocessing = 0;
		};
		96341EB51FE11A0300C9E634 /* Frameworks */ = {
			isa = PBXFrameworksBuildPhase;
			buildActionMask = 2147483647;
			files = (
			);
			runOnlyForDeploymentPostprocessing = 0;
		};
		96341EC01FE11A0300C9E634 /* Frameworks */ = {
			isa = PBXFrameworksBuildPhase;
			buildActionMask = 2147483647;
			files = (
			);
			runOnlyForDeploymentPostprocessing = 0;
		};
/* End PBXFrameworksBuildPhase section */

/* Begin PBXGroup section */
		48749CF1CD09FD217D1F0AEF /* Frameworks */ = {
			isa = PBXGroup;
			children = (
				A3CB2F8A39ABAA1F72B14135 /* libPods-AbstinenceProject.a */,
			);
			name = Frameworks;
			sourceTree = "<group>";
		};
		96341E971FE11A0300C9E634 = {
			isa = PBXGroup;
			children = (
				96341EA21FE11A0300C9E634 /* AbstinenceProject */,
				96341EBB1FE11A0300C9E634 /* AbstinenceProjectTests */,
				96341EC61FE11A0300C9E634 /* AbstinenceProjectUITests */,
				96341EA11FE11A0300C9E634 /* Products */,
				E6BA471C413C4C7C52F366D0 /* Pods */,
				48749CF1CD09FD217D1F0AEF /* Frameworks */,
			);
			sourceTree = "<group>";
		};
		96341EA11FE11A0300C9E634 /* Products */ = {
			isa = PBXGroup;
			children = (
				96341EA01FE11A0300C9E634 /* AbstinenceProject.app */,
				96341EB81FE11A0300C9E634 /* AbstinenceProjectTests.xctest */,
				96341EC31FE11A0300C9E634 /* AbstinenceProjectUITests.xctest */,
			);
			name = Products;
			sourceTree = "<group>";
		};
		96341EA21FE11A0300C9E634 /* AbstinenceProject */ = {
			isa = PBXGroup;
			children = (
				96341EA31FE11A0300C9E634 /* AppDelegate.h */,
				96341EA41FE11A0300C9E634 /* AppDelegate.m */,
				96341EA61FE11A0300C9E634 /* ViewController.h */,
				96341EA71FE11A0300C9E634 /* ViewController.m */,
				96341ED61FE12A0800C9E634 /* MinuteMore */,
				96341EA91FE11A0300C9E634 /* Main.storyboard */,
				96341EAC1FE11A0300C9E634 /* Assets.xcassets */,
				96341EAE1FE11A0300C9E634 /* LaunchScreen.storyboard */,
				96341EB11FE11A0300C9E634 /* Info.plist */,
				96341EB21FE11A0300C9E634 /* main.m */,
			);
			path = AbstinenceProject;
			sourceTree = "<group>";
		};
		96341EBB1FE11A0300C9E634 /* AbstinenceProjectTests */ = {
			isa = PBXGroup;
			children = (
				96341EBC1FE11A0300C9E634 /* AbstinenceProjectTests.m */,
				96341EBE1FE11A0300C9E634 /* Info.plist */,
			);
			path = AbstinenceProjectTests;
			sourceTree = "<group>";
		};
		96341EC61FE11A0300C9E634 /* AbstinenceProjectUITests */ = {
			isa = PBXGroup;
			children = (
				96341EC71FE11A0300C9E634 /* AbstinenceProjectUITests.m */,
				96341EC91FE11A0300C9E634 /* Info.plist */,
			);
			path = AbstinenceProjectUITests;
			sourceTree = "<group>";
		};
		96341ED61FE12A0800C9E634 /* MinuteMore */ = {
			isa = PBXGroup;
			children = (
				96341ED71FE12A2E00C9E634 /* DZHMinuteMoreView.h */,
				96341ED81FE12A2E00C9E634 /* DZHMinuteMoreView.m */,
				96341EDA1FE1347B00C9E634 /* MinuteMorePortocol.h */,
				963C015D1FF093F900FE57C6 /* TableViewCells */,
			);
			path = MinuteMore;
			sourceTree = "<group>";
		};
		963C015D1FF093F900FE57C6 /* TableViewCells */ = {
			isa = PBXGroup;
			children = (
				963C01611FF0952D00FE57C6 /* CustomTableViewCell.h */,
				963C01621FF0952D00FE57C6 /* CustomTableViewCell.m */,
				96C02A821FF0C60F00E84D5B /* OneCollectionTableViewCell.h */,
				96C02A831FF0C60F00E84D5B /* OneCollectionTableViewCell.m */,
				96C02A851FF0C65F00E84D5B /* CollectionView */,
			);
			path = TableViewCells;
			sourceTree = "<group>";
		};
		96C02A851FF0C65F00E84D5B /* CollectionView */ = {
			isa = PBXGroup;
			children = (
				96C02A861FF0C72B00E84D5B /* OneCollectionLayout.h */,
				96C02A871FF0C72B00E84D5B /* OneCollectionLayout.m */,
			);
			path = CollectionView;
			sourceTree = "<group>";
		};
		E6BA471C413C4C7C52F366D0 /* Pods */ = {
			isa = PBXGroup;
			children = (
				F111936C9A146C97D8828662 /* Pods-AbstinenceProject.debug.xcconfig */,
				B87BB0A08DC6A8F4A71F52E7 /* Pods-AbstinenceProject.release.xcconfig */,
			);
			name = Pods;
			sourceTree = "<group>";
		};
/* End PBXGroup section */

/* Begin PBXNativeTarget section */
		96341E9F1FE11A0300C9E634 /* AbstinenceProject */ = {
			isa = PBXNativeTarget;
			buildConfigurationList = 96341ECC1FE11A0300C9E634 /* Build configuration list for PBXNativeTarget "AbstinenceProject" */;
			buildPhases = (
				ECCD1614933984C12DCB5BDE /* [CP] Check Pods Manifest.lock */,
				96341E9C1FE11A0300C9E634 /* Sources */,
				96341E9D1FE11A0300C9E634 /* Frameworks */,
				96341E9E1FE11A0300C9E634 /* Resources */,
				3BC1DEF619529C7891B1817B /* [CP] Embed Pods Frameworks */,
				E1ACA5B574CA235B880E9B93 /* [CP] Copy Pods Resources */,
			);
			buildRules = (
			);
			dependencies = (
			);
			name = AbstinenceProject;
			productName = AbstinenceProject;
			productReference = 96341EA01FE11A0300C9E634 /* AbstinenceProject.app */;
			productType = "com.apple.product-type.application";
		};
		96341EB71FE11A0300C9E634 /* AbstinenceProjectTests */ = {
			isa = PBXNativeTarget;
			buildConfigurationList = 96341ECF1FE11A0300C9E634 /* Build configuration list for PBXNativeTarget "AbstinenceProjectTests" */;
			buildPhases = (
				96341EB41FE11A0300C9E634 /* Sources */,
				96341EB51FE11A0300C9E634 /* Frameworks */,
				96341EB61FE11A0300C9E634 /* Resources */,
			);
			buildRules = (
			);
			dependencies = (
				96341EBA1FE11A0300C9E634 /* PBXTargetDependency */,
			);
			name = AbstinenceProjectTests;
			productName = AbstinenceProjectTests;
			productReference = 96341EB81FE11A0300C9E634 /* AbstinenceProjectTests.xctest */;
			productType = "com.apple.product-type.bundle.unit-test";
		};
		96341EC21FE11A0300C9E634 /* AbstinenceProjectUITests */ = {
			isa = PBXNativeTarget;
			buildConfigurationList = 96341ED21FE11A0300C9E634 /* Build configuration list for PBXNativeTarget "AbstinenceProjectUITests" */;
			buildPhases = (
				96341EBF1FE11A0300C9E634 /* Sources */,
				96341EC01FE11A0300C9E634 /* Frameworks */,
				96341EC11FE11A0300C9E634 /* Resources */,
			);
			buildRules = (
			);
			dependencies = (
				96341EC51FE11A0300C9E634 /* PBXTargetDependency */,
			);
			name = AbstinenceProjectUITests;
			productName = AbstinenceProjectUITests;
			productReference = 96341EC31FE11A0300C9E634 /* AbstinenceProjectUITests.xctest */;
			productType = "com.apple.product-type.bundle.ui-testing";
		};
/* End PBXNativeTarget section */

/* Begin PBXProject section */
		96341E981FE11A0300C9E634 /* Project object */ = {
			isa = PBXProject;
			attributes = {
				LastUpgradeCheck = 0920;
				ORGANIZATIONNAME = wangmingquan;
				TargetAttributes = {
					96341E9F1FE11A0300C9E634 = {
						CreatedOnToolsVersion = 9.2;
						ProvisioningStyle = Automatic;
					};
					96341EB71FE11A0300C9E634 = {
						CreatedOnToolsVersion = 9.2;
						ProvisioningStyle = Automatic;
						TestTargetID = 96341E9F1FE11A0300C9E634;
					};
					96341EC21FE11A0300C9E634 = {
						CreatedOnToolsVersion = 9.2;
						ProvisioningStyle = Automatic;
						TestTargetID = 96341E9F1FE11A0300C9E634;
					};
				};
			};
			buildConfigurationList = 96341E9B1FE11A0300C9E634 /* Build configuration list for PBXProject "AbstinenceProject" */;
			compatibilityVersion = "Xcode 8.0";
			developmentRegion = en;
			hasScannedForEncodings = 0;
			knownRegions = (
				en,
				Base,
			);
			mainGroup = 96341E971FE11A0300C9E634;
			productRefGroup = 96341EA11FE11A0300C9E634 /* Products */;
			projectDirPath = "";
			projectRoot = "";
			targets = (
				96341E9F1FE11A0300C9E634 /* AbstinenceProject */,
				96341EB71FE11A0300C9E634 /* AbstinenceProjectTests */,
				96341EC21FE11A0300C9E634 /* AbstinenceProjectUITests */,
			);
		};
/* End PBXProject section */

/* Begin PBXResourcesBuildPhase section */
		96341E9E1FE11A0300C9E634 /* Resources */ = {
			isa = PBXResourcesBuildPhase;
			buildActionMask = 2147483647;
			files = (
				96341EB01FE11A0300C9E634 /* LaunchScreen.storyboard in Resources */,
				96341EAD1FE11A0300C9E634 /* Assets.xcassets in Resources */,
				96341EAB1FE11A0300C9E634 /* Main.storyboard in Resources */,
			);
			runOnlyForDeploymentPostprocessing = 0;
		};
		96341EB61FE11A0300C9E634 /* Resources */ = {
			isa = PBXResourcesBuildPhase;
			buildActionMask = 2147483647;
			files = (
			);
			runOnlyForDeploymentPostprocessing = 0;
		};
		96341EC11FE11A0300C9E634 /* Resources */ = {
			isa = PBXResourcesBuildPhase;
			buildActionMask = 2147483647;
			files = (
			);
			runOnlyForDeploymentPostprocessing = 0;
		};
/* End PBXResourcesBuildPhase section */

/* Begin PBXShellScriptBuildPhase section */
		3BC1DEF619529C7891B1817B /* [CP] Embed Pods Frameworks */ = {
			isa = PBXShellScriptBuildPhase;
			buildActionMask = 2147483647;
			files = (
			);
			inputPaths = (
			);
			name = "[CP] Embed Pods Frameworks";
			outputPaths = (
			);
			runOnlyForDeploymentPostprocessing = 0;
			shellPath = /bin/sh;
			shellScript = "\"${SRCROOT}/Pods/Target Support Files/Pods-AbstinenceProject/Pods-AbstinenceProject-frameworks.sh\"\n";
			showEnvVarsInLog = 0;
		};
		E1ACA5B574CA235B880E9B93 /* [CP] Copy Pods Resources */ = {
			isa = PBXShellScriptBuildPhase;
			buildActionMask = 2147483647;
			files = (
			);
			inputPaths = (
			);
			name = "[CP] Copy Pods Resources";
			outputPaths = (
			);
			runOnlyForDeploymentPostprocessing = 0;
			shellPath = /bin/sh;
			shellScript = "\"${SRCROOT}/Pods/Target Support Files/Pods-AbstinenceProject/Pods-AbstinenceProject-resources.sh\"\n";
			showEnvVarsInLog = 0;
		};
		ECCD1614933984C12DCB5BDE /* [CP] Check Pods Manifest.lock */ = {
			isa = PBXShellScriptBuildPhase;
			buildActionMask = 2147483647;
			files = (
			);
			inputPaths = (
				"${PODS_PODFILE_DIR_PATH}/Podfile.lock",
				"${PODS_ROOT}/Manifest.lock",
			);
			name = "[CP] Check Pods Manifest.lock";
			outputPaths = (
				"$(DERIVED_FILE_DIR)/Pods-AbstinenceProject-checkManifestLockResult.txt",
			);
			runOnlyForDeploymentPostprocessing = 0;
			shellPath = /bin/sh;
			shellScript = "diff \"${PODS_PODFILE_DIR_PATH}/Podfile.lock\" \"${PODS_ROOT}/Manifest.lock\" > /dev/null\nif [ $? != 0 ] ; then\n    # print error to STDERR\n    echo \"error: The sandbox is not in sync with the Podfile.lock. Run 'pod install' or update your CocoaPods installation.\" >&2\n    exit 1\nfi\n# This output is used by Xcode 'outputs' to avoid re-running this script phase.\necho \"SUCCESS\" > \"${SCRIPT_OUTPUT_FILE_0}\"\n";
			showEnvVarsInLog = 0;
		};
/* End PBXShellScriptBuildPhase section */

/* Begin PBXSourcesBuildPhase section */
		96341E9C1FE11A0300C9E634 /* Sources */ = {
			isa = PBXSourcesBuildPhase;
			buildActionMask = 2147483647;
			files = (
				96341ED91FE12A2E00C9E634 /* DZHMinuteMoreView.m in Sources */,
				96341EA81FE11A0300C9E634 /* ViewController.m in Sources */,
				96341EB31FE11A0300C9E634 /* main.m in Sources */,
				963C01631FF0952D00FE57C6 /* CustomTableViewCell.m in Sources */,
				96C02A881FF0C72B00E84D5B /* OneCollectionLayout.m in Sources */,
				96C02A841FF0C60F00E84D5B /* OneCollectionTableViewCell.m in Sources */,
				96341EA51FE11A0300C9E634 /* AppDelegate.m in Sources */,
			);
			runOnlyForDeploymentPostprocessing = 0;
		};
		96341EB41FE11A0300C9E634 /* Sources */ = {
			isa = PBXSourcesBuildPhase;
			buildActionMask = 2147483647;
			files = (
				96341EBD1FE11A0300C9E634 /* AbstinenceProjectTests.m in Sources */,
			);
			runOnlyForDeploymentPostprocessing = 0;
		};
		96341EBF1FE11A0300C9E634 /* Sources */ = {
			isa = PBXSourcesBuildPhase;
			buildActionMask = 2147483647;
			files = (
				96341EC81FE11A0300C9E634 /* AbstinenceProjectUITests.m in Sources */,
			);
			runOnlyForDeploymentPostprocessing = 0;
		};
/* End PBXSourcesBuildPhase section */

/* Begin PBXTargetDependency section */
		96341EBA1FE11A0300C9E634 /* PBXTargetDependency */ = {
			isa = PBXTargetDependency;
			target = 96341E9F1FE11A0300C9E634 /* AbstinenceProject */;
			targetProxy = 96341EB91FE11A0300C9E634 /* PBXContainerItemProxy */;
		};
		96341EC51FE11A0300C9E634 /* PBXTargetDependency */ = {
			isa = PBXTargetDependency;
			target = 96341E9F1FE11A0300C9E634 /* AbstinenceProject */;
			targetProxy = 96341EC41FE11A0300C9E634 /* PBXContainerItemProxy */;
		};
/* End PBXTargetDependency section */

/* Begin PBXVariantGroup section */
		96341EA91FE11A0300C9E634 /* Main.storyboard */ = {
			isa = PBXVariantGroup;
			children = (
				96341EAA1FE11A0300C9E634 /* Base */,
			);
			name = Main.storyboard;
			sourceTree = "<group>";
		};
		96341EAE1FE11A0300C9E634 /* LaunchScreen.storyboard */ = {
			isa = PBXVariantGroup;
			children = (
				96341EAF1FE11A0300C9E634 /* Base */,
			);
			name = LaunchScreen.storyboard;
			sourceTree = "<group>";
		};
/* End PBXVariantGroup section */

/* Begin XCBuildConfiguration section */
		96341ECA1FE11A0300C9E634 /* Debug */ = {
			isa = XCBuildConfiguration;
			buildSettings = {
				ALWAYS_SEARCH_USER_PATHS = NO;
				CLANG_ANALYZER_NONNULL = YES;
				CLANG_ANALYZER_NUMBER_OBJECT_CONVERSION = YES_AGGRESSIVE;
				CLANG_CXX_LANGUAGE_STANDARD = "gnu++14";
				CLANG_CXX_LIBRARY = "libc++";
				CLANG_ENABLE_MODULES = YES;
				CLANG_ENABLE_OBJC_ARC = YES;
				CLANG_WARN_BLOCK_CAPTURE_AUTORELEASING = YES;
				CLANG_WARN_BOOL_CONVERSION = YES;
				CLANG_WARN_COMMA = YES;
				CLANG_WARN_CONSTANT_CONVERSION = YES;
				CLANG_WARN_DIRECT_OBJC_ISA_USAGE = YES_ERROR;
				CLANG_WARN_DOCUMENTATION_COMMENTS = YES;
				CLANG_WARN_EMPTY_BODY = YES;
				CLANG_WARN_ENUM_CONVERSION = YES;
				CLANG_WARN_INFINITE_RECURSION = YES;
				CLANG_WARN_INT_CONVERSION = YES;
				CLANG_WARN_NON_LITERAL_NULL_CONVERSION = YES;
				CLANG_WARN_OBJC_LITERAL_CONVERSION = YES;
				CLANG_WARN_OBJC_ROOT_CLASS = YES_ERROR;
				CLANG_WARN_RANGE_LOOP_ANALYSIS = YES;
				CLANG_WARN_STRICT_PROTOTYPES = YES;
				CLANG_WARN_SUSPICIOUS_MOVE = YES;
				CLANG_WARN_UNGUARDED_AVAILABILITY = YES_AGGRESSIVE;
				CLANG_WARN_UNREACHABLE_CODE = YES;
				CLANG_WARN__DUPLICATE_METHOD_MATCH = YES;
				CODE_SIGN_IDENTITY = "iPhone Developer";
				COPY_PHASE_STRIP = NO;
				DEBUG_INFORMATION_FORMAT = dwarf;
				ENABLE_STRICT_OBJC_MSGSEND = YES;
				ENABLE_TESTABILITY = YES;
				GCC_C_LANGUAGE_STANDARD = gnu11;
				GCC_DYNAMIC_NO_PIC = NO;
				GCC_NO_COMMON_BLOCKS = YES;
				GCC_OPTIMIZATION_LEVEL = 0;
				GCC_PREPROCESSOR_DEFINITIONS = (
					"DEBUG=1",
					"$(inherited)",
				);
				GCC_WARN_64_TO_32_BIT_CONVERSION = YES;
				GCC_WARN_ABOUT_RETURN_TYPE = YES_ERROR;
				GCC_WARN_UNDECLARED_SELECTOR = YES;
				GCC_WARN_UNINITIALIZED_AUTOS = YES_AGGRESSIVE;
				GCC_WARN_UNUSED_FUNCTION = YES;
				GCC_WARN_UNUSED_VARIABLE = YES;
				IPHONEOS_DEPLOYMENT_TARGET = 11.2;
				MTL_ENABLE_DEBUG_INFO = YES;
				ONLY_ACTIVE_ARCH = YES;
				SDKROOT = iphoneos;
			};
			name = Debug;
		};
		96341ECB1FE11A0300C9E634 /* Release */ = {
			isa = XCBuildConfiguration;
			buildSettings = {
				ALWAYS_SEARCH_USER_PATHS = NO;
				CLANG_ANALYZER_NONNULL = YES;
				CLANG_ANALYZER_NUMBER_OBJECT_CONVERSION = YES_AGGRESSIVE;
				CLANG_CXX_LANGUAGE_STANDARD = "gnu++14";
				CLANG_CXX_LIBRARY = "libc++";
				CLANG_ENABLE_MODULES = YES;
				CLANG_ENABLE_OBJC_ARC = YES;
				CLANG_WARN_BLOCK_CAPTURE_AUTORELEASING = YES;
				CLANG_WARN_BOOL_CONVERSION = YES;
				CLANG_WARN_COMMA = YES;
				CLANG_WARN_CONSTANT_CONVERSION = YES;
				CLANG_WARN_DIRECT_OBJC_ISA_USAGE = YES_ERROR;
				CLANG_WARN_DOCUMENTATION_COMMENTS = YES;
				CLANG_WARN_EMPTY_BODY = YES;
				CLANG_WARN_ENUM_CONVERSION = YES;
				CLANG_WARN_INFINITE_RECURSION = YES;
				CLANG_WARN_INT_CONVERSION = YES;
				CLANG_WARN_NON_LITERAL_NULL_CONVERSION = YES;
				CLANG_WARN_OBJC_LITERAL_CONVERSION = YES;
				CLANG_WARN_OBJC_ROOT_CLASS = YES_ERROR;
				CLANG_WARN_RANGE_LOOP_ANALYSIS = YES;
				CLANG_WARN_STRICT_PROTOTYPES = YES;
				CLANG_WARN_SUSPICIOUS_MOVE = YES;
				CLANG_WARN_UNGUARDED_AVAILABILITY = YES_AGGRESSIVE;
				CLANG_WARN_UNREACHABLE_CODE = YES;
				CLANG_WARN__DUPLICATE_METHOD_MATCH = YES;
				CODE_SIGN_IDENTITY = "iPhone Developer";
				COPY_PHASE_STRIP = NO;
				DEBUG_INFORMATION_FORMAT = "dwarf-with-dsym";
				ENABLE_NS_ASSERTIONS = NO;
				ENABLE_STRICT_OBJC_MSGSEND = YES;
				GCC_C_LANGUAGE_STANDARD = gnu11;
				GCC_NO_COMMON_BLOCKS = YES;
				GCC_WARN_64_TO_32_BIT_CONVERSION = YES;
				GCC_WARN_ABOUT_RETURN_TYPE = YES_ERROR;
				GCC_WARN_UNDECLARED_SELECTOR = YES;
				GCC_WARN_UNINITIALIZED_AUTOS = YES_AGGRESSIVE;
				GCC_WARN_UNUSED_FUNCTION = YES;
				GCC_WARN_UNUSED_VARIABLE = YES;
				IPHONEOS_DEPLOYMENT_TARGET = 11.2;
				MTL_ENABLE_DEBUG_INFO = NO;
				SDKROOT = iphoneos;
				VALIDATE_PRODUCT = YES;
			};
			name = Release;
		};
		96341ECD1FE11A0300C9E634 /* Debug */ = {
			isa = XCBuildConfiguration;
			baseConfigurationReference = F111936C9A146C97D8828662 /* Pods-AbstinenceProject.debug.xcconfig */;
			buildSettings = {
				ASSETCATALOG_COMPILER_APPICON_NAME = AppIcon;
				CODE_SIGN_STYLE = Automatic;
				DEVELOPMENT_TEAM = 59B8QAXTFE;
				INFOPLIST_FILE = AbstinenceProject/Info.plist;
				IPHONEOS_DEPLOYMENT_TARGET = 10.0;
				LD_RUNPATH_SEARCH_PATHS = "$(inherited) @executable_path/Frameworks";
				PRODUCT_BUNDLE_IDENTIFIER = com.gw.dzh;
				PRODUCT_NAME = "$(TARGET_NAME)";
				TARGETED_DEVICE_FAMILY = "1,2";
			};
			name = Debug;
		};
		96341ECE1FE11A0300C9E634 /* Release */ = {
			isa = XCBuildConfiguration;
			baseConfigurationReference = B87BB0A08DC6A8F4A71F52E7 /* Pods-AbstinenceProject.release.xcconfig */;
			buildSettings = {
				ASSETCATALOG_COMPILER_APPICON_NAME = AppIcon;
				CODE_SIGN_STYLE = Automatic;
				DEVELOPMENT_TEAM = 59B8QAXTFE;
				INFOPLIST_FILE = AbstinenceProject/Info.plist;
				IPHONEOS_DEPLOYMENT_TARGET = 10.0;
				LD_RUNPATH_SEARCH_PATHS = "$(inherited) @executable_path/Frameworks";
				PRODUCT_BUNDLE_IDENTIFIER = com.gw.dzh;
				PRODUCT_NAME = "$(TARGET_NAME)";
				TARGETED_DEVICE_FAMILY = "1,2";
			};
			name = Release;
		};
		96341ED01FE11A0300C9E634 /* Debug */ = {
			isa = XCBuildConfiguration;
			buildSettings = {
				BUNDLE_LOADER = "$(TEST_HOST)";
				CODE_SIGN_STYLE = Automatic;
				INFOPLIST_FILE = AbstinenceProjectTests/Info.plist;
				LD_RUNPATH_SEARCH_PATHS = "$(inherited) @executable_path/Frameworks @loader_path/Frameworks";
				PRODUCT_BUNDLE_IDENTIFIER = com.Abstinence.AbstinenceProjectTests;
				PRODUCT_NAME = "$(TARGET_NAME)";
				TARGETED_DEVICE_FAMILY = "1,2";
				TEST_HOST = "$(BUILT_PRODUCTS_DIR)/AbstinenceProject.app/AbstinenceProject";
			};
			name = Debug;
		};
		96341ED11FE11A0300C9E634 /* Release */ = {
			isa = XCBuildConfiguration;
			buildSettings = {
				BUNDLE_LOADER = "$(TEST_HOST)";
				CODE_SIGN_STYLE = Automatic;
				INFOPLIST_FILE = AbstinenceProjectTests/Info.plist;
				LD_RUNPATH_SEARCH_PATHS = "$(inherited) @executable_path/Frameworks @loader_path/Frameworks";
				PRODUCT_BUNDLE_IDENTIFIER = com.Abstinence.AbstinenceProjectTests;
				PRODUCT_NAME = "$(TARGET_NAME)";
				TARGETED_DEVICE_FAMILY = "1,2";
				TEST_HOST = "$(BUILT_PRODUCTS_DIR)/AbstinenceProject.app/AbstinenceProject";
			};
			name = Release;
		};
		96341ED31FE11A0300C9E634 /* Debug */ = {
			isa = XCBuildConfiguration;
			buildSettings = {
				CODE_SIGN_STYLE = Automatic;
				INFOPLIST_FILE = AbstinenceProjectUITests/Info.plist;
				LD_RUNPATH_SEARCH_PATHS = "$(inherited) @executable_path/Frameworks @loader_path/Frameworks";
				PRODUCT_BUNDLE_IDENTIFIER = com.Abstinence.AbstinenceProjectUITests;
				PRODUCT_NAME = "$(TARGET_NAME)";
				TARGETED_DEVICE_FAMILY = "1,2";
				TEST_TARGET_NAME = AbstinenceProject;
			};
			name = Debug;
		};
		96341ED41FE11A0300C9E634 /* Release */ = {
			isa = XCBuildConfiguration;
			buildSettings = {
				CODE_SIGN_STYLE = Automatic;
				INFOPLIST_FILE = AbstinenceProjectUITests/Info.plist;
				LD_RUNPATH_SEARCH_PATHS = "$(inherited) @executable_path/Frameworks @loader_path/Frameworks";
				PRODUCT_BUNDLE_IDENTIFIER = com.Abstinence.AbstinenceProjectUITests;
				PRODUCT_NAME = "$(TARGET_NAME)";
				TARGETED_DEVICE_FAMILY = "1,2";
				TEST_TARGET_NAME = AbstinenceProject;
			};
			name = Release;
		};
/* End XCBuildConfiguration section */

/* Begin XCConfigurationList section */
		96341E9B1FE11A0300C9E634 /* Build configuration list for PBXProject "AbstinenceProject" */ = {
			isa = XCConfigurationList;
			buildConfigurations = (
				96341ECA1FE11A0300C9E634 /* Debug */,
				96341ECB1FE11A0300C9E634 /* Release */,
			);
			defaultConfigurationIsVisible = 0;
			defaultConfigurationName = Release;
		};
		96341ECC1FE11A0300C9E634 /* Build configuration list for PBXNativeTarget "AbstinenceProject" */ = {
			isa = XCConfigurationList;
			buildConfigurations = (
				96341ECD1FE11A0300C9E634 /* Debug */,
				96341ECE1FE11A0300C9E634 /* Release */,
			);
			defaultConfigurationIsVisible = 0;
			defaultConfigurationName = Release;
		};
		96341ECF1FE11A0300C9E634 /* Build configuration list for PBXNativeTarget "AbstinenceProjectTests" */ = {
			isa = XCConfigurationList;
			buildConfigurations = (
				96341ED01FE11A0300C9E634 /* Debug */,
				96341ED11FE11A0300C9E634 /* Release */,
			);
			defaultConfigurationIsVisible = 0;
			defaultConfigurationName = Release;
		};
		96341ED21FE11A0300C9E634 /* Build configuration list for PBXNativeTarget "AbstinenceProjectUITests" */ = {
			isa = XCConfigurationList;
			buildConfigurations = (
				96341ED31FE11A0300C9E634 /* Debug */,
				96341ED41FE11A0300C9E634 /* Release */,
			);
			defaultConfigurationIsVisible = 0;
			defaultConfigurationName = Release;
		};
/* End XCConfigurationList section */
	};
	rootObject = 96341E981FE11A0300C9E634 /* Project object */;
}
